
Microsoft Visual Studio Solution File, Format Version 12.00
Project("{FAE04EC0-301F-11D3-BF4B-00C04F79EFBC}") = "CalcStats", "CalcStats\CalcStats.csproj", "{42393C42-5C0F-4AA3-9D01-78080312F67A}"
EndProject
Project("{FAE04EC0-301F-11D3-BF4B-00C04F79EFBC}") = "CalcStatsTests", "CalcStatsTests\CalcStatsTests.csproj", "{38474C6C-644B-4D27-9ED5-CB13CD8BD695}"
EndProject
Global
	GlobalSection(SolutionConfigurationPlatforms) = preSolution
		Debug|Any CPU = Debug|Any CPU
		Release|Any CPU = Release|Any CPU
	EndGlobalSection
	GlobalSection(ProjectConfigurationPlatforms) = postSolution
		{42393C42-5C0F-4AA3-9D01-78080312F67A}.Debug|Any CPU.ActiveCfg = Debug|Any CPU
		{42393C42-5C0F-4AA3-9D01-78080312F67A}.Debug|Any CPU.Build.0 = Debug|Any CPU
		{42393C42-5C0F-4AA3-9D01-78080312F67A}.Release|Any CPU.ActiveCfg = Release|Any CPU
		{42393C42-5C0F-4AA3-9D01-78080312F67A}.Release|Any CPU.Build.0 = Release|Any CPU
		{38474C6C-644B-4D27-9ED5-CB13CD8BD695}.Debug|Any CPU.ActiveCfg = Debug|Any CPU
		{38474C6C-644B-4D27-9ED5-CB13CD8BD695}.Debug|Any CPU.Build.0 = Debug|Any CPU
		{38474C6C-644B-4D27-9ED5-CB13CD8BD695}.Release|Any CPU.ActiveCfg = Release|Any CPU
		{38474C6C-644B-4D27-9ED5-CB13CD8BD695}.Release|Any CPU.Build.0 = Release|Any CPU
	EndGlobalSection
EndGlobal
